
Microsoft Visual Studio Solution File, Format Version 12.00
# Visual Studio Version 16
VisualStudioVersion = 16.0.29326.143
MinimumVisualStudioVersion = 10.0.40219.1
Project("{FAE04EC0-301F-11D3-BF4B-00C04F79EFBC}") = "MARS", "MARS\MARS.csproj", "{C393F80E-1464-4E8F-83A2-5E0C7390B395}"
EndProject
Global
	GlobalSection(SolutionConfigurationPlatforms) = preSolution
		Debug|Any CPU = Debug|Any CPU
		Release|Any CPU = Release|Any CPU
	EndGlobalSection
	GlobalSection(ProjectConfigurationPlatforms) = postSolution
		{C393F80E-1464-4E8F-83A2-5E0C7390B395}.Debug|Any CPU.ActiveCfg = Debug|Any CPU
		{C393F80E-1464-4E8F-83A2-5E0C7390B395}.Debug|Any CPU.Build.0 = Debug|Any CPU
		{C393F80E-1464-4E8F-83A2-5E0C7390B395}.Release|Any CPU.ActiveCfg = Release|Any CPU
		{C393F80E-1464-4E8F-83A2-5E0C7390B395}.Release|Any CPU.Build.0 = Release|Any CPU
	EndGlobalSection
	GlobalSection(SolutionProperties) = preSolution
		HideSolutionNode = FALSE
	EndGlobalSection
	GlobalSection(ExtensibilityGlobals) = postSolution
		SolutionGuid = {2B09DB8C-E377-46AC-84D9-8C8CF879B8F9}
	EndGlobalSection
EndGlobal
